
Microsoft Visual Studio Solution File, Format Version 12.00
Project("{FAE04EC0-301F-11D3-BF4B-00C04F79EFBC}") = "MyBack.Api", "src\MyBack.Api\MyBack.Api.csproj", "{A1CBCD82-4103-4B50-A2C7-3613F34B0B74}"
EndProject
Project("{FAE04EC0-301F-11D3-BF4B-00C04F79EFBC}") = "MyBack.Domain", "src\MyBack.Domain\MyBack.Domain.csproj", "{8B1D2B49-904C-4065-9794-896755154F0F}"
EndProject
Project("{FAE04EC0-301F-11D3-BF4B-00C04F79EFBC}") = "MyBack.Infrastructure", "src\MyBack.Infrastructure\MyBack.Infrastructure.csproj", "{02FB9742-9FD1-4949-AA6E-40AF3781CCFB}"
EndProject
Project("{FAE04EC0-301F-11D3-BF4B-00C04F79EFBC}") = "MyBack.Application", "src\MyBack.Application\MyBack.Application.csproj", "{B2CD9288-30FA-4F1C-9FAD-149C6F7BE776}"
EndProject
Project("{2150E333-8FDC-42A3-9474-1A3956D46DE8}") = "src", "src", "{F254E1B3-96D7-4043-A254-A8419183A7D8}"
EndProject
Project("{2150E333-8FDC-42A3-9474-1A3956D46DE8}") = "tests", "tests", "{7A81BA2C-CD2C-4E5B-8DE1-909C91630EE9}"
EndProject
Project("{FAE04EC0-301F-11D3-BF4B-00C04F79EFBC}") = "MyBack.UnitTests", "tests\MyBack.UnitTests\MyBack.UnitTests.csproj", "{7E0EA99F-5B2E-4B2C-9F17-D661DF4C92F9}"
EndProject
Project("{FAE04EC0-301F-11D3-BF4B-00C04F79EFBC}") = "MyBack.IntegrationTests", "tests\MyBack.IntegrationTests\MyBack.IntegrationTests.csproj", "{2AFD364A-EF33-4B3F-BB87-E95D27B1678A}"
EndProject
Project("{2150E333-8FDC-42A3-9474-1A3956D46DE8}") = "shared", "shared", "{8EDDF978-58E5-461B-8F66-08AA85989C36}"
EndProject
Project("{FAE04EC0-301F-11D3-BF4B-00C04F79EFBC}") = "MyBack.InProcessMessaging", "src\shared\MyBack.InProcessMessaging\MyBack.InProcessMessaging.csproj", "{E40C62BE-C919-4ECC-B32B-6BAC4C3FD8D3}"
EndProject
Global
	GlobalSection(SolutionConfigurationPlatforms) = preSolution
		Debug|Any CPU = Debug|Any CPU
		Release|Any CPU = Release|Any CPU
	EndGlobalSection
	GlobalSection(ProjectConfigurationPlatforms) = postSolution
		{A1CBCD82-4103-4B50-A2C7-3613F34B0B74}.Debug|Any CPU.ActiveCfg = Debug|Any CPU
		{A1CBCD82-4103-4B50-A2C7-3613F34B0B74}.Debug|Any CPU.Build.0 = Debug|Any CPU
		{A1CBCD82-4103-4B50-A2C7-3613F34B0B74}.Release|Any CPU.ActiveCfg = Release|Any CPU
		{A1CBCD82-4103-4B50-A2C7-3613F34B0B74}.Release|Any CPU.Build.0 = Release|Any CPU
		{8B1D2B49-904C-4065-9794-896755154F0F}.Debug|Any CPU.ActiveCfg = Debug|Any CPU
		{8B1D2B49-904C-4065-9794-896755154F0F}.Debug|Any CPU.Build.0 = Debug|Any CPU
		{8B1D2B49-904C-4065-9794-896755154F0F}.Release|Any CPU.ActiveCfg = Release|Any CPU
		{8B1D2B49-904C-4065-9794-896755154F0F}.Release|Any CPU.Build.0 = Release|Any CPU
		{02FB9742-9FD1-4949-AA6E-40AF3781CCFB}.Debug|Any CPU.ActiveCfg = Debug|Any CPU
		{02FB9742-9FD1-4949-AA6E-40AF3781CCFB}.Debug|Any CPU.Build.0 = Debug|Any CPU
		{02FB9742-9FD1-4949-AA6E-40AF3781CCFB}.Release|Any CPU.ActiveCfg = Release|Any CPU
		{02FB9742-9FD1-4949-AA6E-40AF3781CCFB}.Release|Any CPU.Build.0 = Release|Any CPU
		{B2CD9288-30FA-4F1C-9FAD-149C6F7BE776}.Debug|Any CPU.ActiveCfg = Debug|Any CPU
		{B2CD9288-30FA-4F1C-9FAD-149C6F7BE776}.Debug|Any CPU.Build.0 = Debug|Any CPU
		{B2CD9288-30FA-4F1C-9FAD-149C6F7BE776}.Release|Any CPU.ActiveCfg = Release|Any CPU
		{B2CD9288-30FA-4F1C-9FAD-149C6F7BE776}.Release|Any CPU.Build.0 = Release|Any CPU
		{7E0EA99F-5B2E-4B2C-9F17-D661DF4C92F9}.Debug|Any CPU.ActiveCfg = Debug|Any CPU
		{7E0EA99F-5B2E-4B2C-9F17-D661DF4C92F9}.Debug|Any CPU.Build.0 = Debug|Any CPU
		{7E0EA99F-5B2E-4B2C-9F17-D661DF4C92F9}.Release|Any CPU.ActiveCfg = Release|Any CPU
		{7E0EA99F-5B2E-4B2C-9F17-D661DF4C92F9}.Release|Any CPU.Build.0 = Release|Any CPU
		{2AFD364A-EF33-4B3F-BB87-E95D27B1678A}.Debug|Any CPU.ActiveCfg = Debug|Any CPU
		{2AFD364A-EF33-4B3F-BB87-E95D27B1678A}.Debug|Any CPU.Build.0 = Debug|Any CPU
		{2AFD364A-EF33-4B3F-BB87-E95D27B1678A}.Release|Any CPU.ActiveCfg = Release|Any CPU
		{2AFD364A-EF33-4B3F-BB87-E95D27B1678A}.Release|Any CPU.Build.0 = Release|Any CPU
		{E40C62BE-C919-4ECC-B32B-6BAC4C3FD8D3}.Debug|Any CPU.ActiveCfg = Debug|Any CPU
		{E40C62BE-C919-4ECC-B32B-6BAC4C3FD8D3}.Debug|Any CPU.Build.0 = Debug|Any CPU
		{E40C62BE-C919-4ECC-B32B-6BAC4C3FD8D3}.Release|Any CPU.ActiveCfg = Release|Any CPU
		{E40C62BE-C919-4ECC-B32B-6BAC4C3FD8D3}.Release|Any CPU.Build.0 = Release|Any CPU
	EndGlobalSection
	GlobalSection(NestedProjects) = preSolution
		{A1CBCD82-4103-4B50-A2C7-3613F34B0B74} = {F254E1B3-96D7-4043-A254-A8419183A7D8}
		{B2CD9288-30FA-4F1C-9FAD-149C6F7BE776} = {F254E1B3-96D7-4043-A254-A8419183A7D8}
		{8B1D2B49-904C-4065-9794-896755154F0F} = {F254E1B3-96D7-4043-A254-A8419183A7D8}
		{02FB9742-9FD1-4949-AA6E-40AF3781CCFB} = {F254E1B3-96D7-4043-A254-A8419183A7D8}
		{7E0EA99F-5B2E-4B2C-9F17-D661DF4C92F9} = {7A81BA2C-CD2C-4E5B-8DE1-909C91630EE9}
		{2AFD364A-EF33-4B3F-BB87-E95D27B1678A} = {7A81BA2C-CD2C-4E5B-8DE1-909C91630EE9}
		{8EDDF978-58E5-461B-8F66-08AA85989C36} = {F254E1B3-96D7-4043-A254-A8419183A7D8}
		{E40C62BE-C919-4ECC-B32B-6BAC4C3FD8D3} = {8EDDF978-58E5-461B-8F66-08AA85989C36}
	EndGlobalSection
EndGlobal
